// !$*UTF8*$!
{
	archiveVersion = 1;
	classes = {
	};
	objectVersion = 56;
	objects = {

/* Begin PBXBuildFile section */
		6EC020252C7D7EE40045408A /* PlantDiaryViewController.swift in Sources */ = {isa = PBXBuildFile; fileRef = 6EC020242C7D7EE40045408A /* PlantDiaryViewController.swift */; };
		8E6A9A612C7D4E6A00649106 /* AppDelegate.swift in Sources */ = {isa = PBXBuildFile; fileRef = 8E6A9A602C7D4E6A00649106 /* AppDelegate.swift */; };
		8E6A9A632C7D4E6A00649106 /* SceneDelegate.swift in Sources */ = {isa = PBXBuildFile; fileRef = 8E6A9A622C7D4E6A00649106 /* SceneDelegate.swift */; };
		8E6A9A6A2C7D4E6B00649106 /* Assets.xcassets in Resources */ = {isa = PBXBuildFile; fileRef = 8E6A9A692C7D4E6B00649106 /* Assets.xcassets */; };
		8E6A9A6D2C7D4E6B00649106 /* Base in Resources */ = {isa = PBXBuildFile; fileRef = 8E6A9A6C2C7D4E6B00649106 /* Base */; };
		8E6A9A782C7D4E6B00649106 /* PlantDiaryTests.swift in Sources */ = {isa = PBXBuildFile; fileRef = 8E6A9A772C7D4E6B00649106 /* PlantDiaryTests.swift */; };
		8E6A9A822C7D4E6B00649106 /* PlantDiaryUITests.swift in Sources */ = {isa = PBXBuildFile; fileRef = 8E6A9A812C7D4E6B00649106 /* PlantDiaryUITests.swift */; };
		8E6A9A842C7D4E6B00649106 /* PlantDiaryUITestsLaunchTests.swift in Sources */ = {isa = PBXBuildFile; fileRef = 8E6A9A832C7D4E6B00649106 /* PlantDiaryUITestsLaunchTests.swift */; };
		8E6A9A912C7D587300649106 /* HomeViewController.swift in Sources */ = {isa = PBXBuildFile; fileRef = 8E6A9A902C7D587300649106 /* HomeViewController.swift */; };
		8E6A9A932C7D588100649106 /* DiaryViewController.swift in Sources */ = {isa = PBXBuildFile; fileRef = 8E6A9A922C7D588100649106 /* DiaryViewController.swift */; };
		8E6A9A952C7D588900649106 /* PlantsCareViewController.swift in Sources */ = {isa = PBXBuildFile; fileRef = 8E6A9A942C7D588900649106 /* PlantsCareViewController.swift */; };
		8E6A9A972C7D588F00649106 /* SettingViewController.swift in Sources */ = {isa = PBXBuildFile; fileRef = 8E6A9A962C7D588F00649106 /* SettingViewController.swift */; };
		B88466E62C7D5D13004ECA58 /* EdittingDiaryViewController.swift in Sources */ = {isa = PBXBuildFile; fileRef = B88466E52C7D5D13004ECA58 /* EdittingDiaryViewController.swift */; };
		B88466E82C7D5D39004ECA58 /* SentimentAnalysisViewController.swift in Sources */ = {isa = PBXBuildFile; fileRef = B88466E72C7D5D39004ECA58 /* SentimentAnalysisViewController.swift */; };
		EADED02C2C7D62BC00871A08 /* BaseViewController.swift in Sources */ = {isa = PBXBuildFile; fileRef = EADED02B2C7D62BC00871A08 /* BaseViewController.swift */; };
		EADED02E2C7D684300871A08 /* LoginViewController.swift in Sources */ = {isa = PBXBuildFile; fileRef = EADED02D2C7D684300871A08 /* LoginViewController.swift */; };
		EADED0302C7D6F7B00871A08 /* SignUpViewController.swift in Sources */ = {isa = PBXBuildFile; fileRef = EADED02F2C7D6F7B00871A08 /* SignUpViewController.swift */; };
/* End PBXBuildFile section */

/* Begin PBXContainerItemProxy section */
		8E6A9A742C7D4E6B00649106 /* PBXContainerItemProxy */ = {
			isa = PBXContainerItemProxy;
			containerPortal = 8E6A9A552C7D4E6A00649106 /* Project object */;
			proxyType = 1;
			remoteGlobalIDString = 8E6A9A5C2C7D4E6A00649106;
			remoteInfo = PlantDiary;
		};
		8E6A9A7E2C7D4E6B00649106 /* PBXContainerItemProxy */ = {
			isa = PBXContainerItemProxy;
			containerPortal = 8E6A9A552C7D4E6A00649106 /* Project object */;
			proxyType = 1;
			remoteGlobalIDString = 8E6A9A5C2C7D4E6A00649106;
			remoteInfo = PlantDiary;
		};
/* End PBXContainerItemProxy section */

/* Begin PBXFileReference section */
		6EC020242C7D7EE40045408A /* PlantDiaryViewController.swift */ = {isa = PBXFileReference; lastKnownFileType = sourcecode.swift; path = PlantDiaryViewController.swift; sourceTree = "<group>"; };
		8E6A9A5D2C7D4E6A00649106 /* PlantDiary.app */ = {isa = PBXFileReference; explicitFileType = wrapper.application; includeInIndex = 0; path = PlantDiary.app; sourceTree = BUILT_PRODUCTS_DIR; };
		8E6A9A602C7D4E6A00649106 /* AppDelegate.swift */ = {isa = PBXFileReference; lastKnownFileType = sourcecode.swift; path = AppDelegate.swift; sourceTree = "<group>"; };
		8E6A9A622C7D4E6A00649106 /* SceneDelegate.swift */ = {isa = PBXFileReference; lastKnownFileType = sourcecode.swift; path = SceneDelegate.swift; sourceTree = "<group>"; };
		8E6A9A692C7D4E6B00649106 /* Assets.xcassets */ = {isa = PBXFileReference; lastKnownFileType = folder.assetcatalog; path = Assets.xcassets; sourceTree = "<group>"; };
		8E6A9A6C2C7D4E6B00649106 /* Base */ = {isa = PBXFileReference; lastKnownFileType = file.storyboard; name = Base; path = Base.lproj/LaunchScreen.storyboard; sourceTree = "<group>"; };
		8E6A9A6E2C7D4E6B00649106 /* Info.plist */ = {isa = PBXFileReference; lastKnownFileType = text.plist.xml; path = Info.plist; sourceTree = "<group>"; };
		8E6A9A732C7D4E6B00649106 /* PlantDiaryTests.xctest */ = {isa = PBXFileReference; explicitFileType = wrapper.cfbundle; includeInIndex = 0; path = PlantDiaryTests.xctest; sourceTree = BUILT_PRODUCTS_DIR; };
		8E6A9A772C7D4E6B00649106 /* PlantDiaryTests.swift */ = {isa = PBXFileReference; lastKnownFileType = sourcecode.swift; path = PlantDiaryTests.swift; sourceTree = "<group>"; };
		8E6A9A7D2C7D4E6B00649106 /* PlantDiaryUITests.xctest */ = {isa = PBXFileReference; explicitFileType = wrapper.cfbundle; includeInIndex = 0; path = PlantDiaryUITests.xctest; sourceTree = BUILT_PRODUCTS_DIR; };
		8E6A9A812C7D4E6B00649106 /* PlantDiaryUITests.swift */ = {isa = PBXFileReference; lastKnownFileType = sourcecode.swift; path = PlantDiaryUITests.swift; sourceTree = "<group>"; };
		8E6A9A832C7D4E6B00649106 /* PlantDiaryUITestsLaunchTests.swift */ = {isa = PBXFileReference; lastKnownFileType = sourcecode.swift; path = PlantDiaryUITestsLaunchTests.swift; sourceTree = "<group>"; };
		8E6A9A902C7D587300649106 /* HomeViewController.swift */ = {isa = PBXFileReference; lastKnownFileType = sourcecode.swift; path = HomeViewController.swift; sourceTree = "<group>"; };
		8E6A9A922C7D588100649106 /* DiaryViewController.swift */ = {isa = PBXFileReference; lastKnownFileType = sourcecode.swift; path = DiaryViewController.swift; sourceTree = "<group>"; };
		8E6A9A942C7D588900649106 /* PlantsCareViewController.swift */ = {isa = PBXFileReference; lastKnownFileType = sourcecode.swift; path = PlantsCareViewController.swift; sourceTree = "<group>"; };
		8E6A9A962C7D588F00649106 /* SettingViewController.swift */ = {isa = PBXFileReference; lastKnownFileType = sourcecode.swift; path = SettingViewController.swift; sourceTree = "<group>"; };
		B88466E52C7D5D13004ECA58 /* EdittingDiaryViewController.swift */ = {isa = PBXFileReference; lastKnownFileType = sourcecode.swift; path = EdittingDiaryViewController.swift; sourceTree = "<group>"; };
		B88466E72C7D5D39004ECA58 /* SentimentAnalysisViewController.swift */ = {isa = PBXFileReference; lastKnownFileType = sourcecode.swift; path = SentimentAnalysisViewController.swift; sourceTree = "<group>"; };
		EADED02B2C7D62BC00871A08 /* BaseViewController.swift */ = {isa = PBXFileReference; lastKnownFileType = sourcecode.swift; path = BaseViewController.swift; sourceTree = "<group>"; };
		EADED02D2C7D684300871A08 /* LoginViewController.swift */ = {isa = PBXFileReference; lastKnownFileType = sourcecode.swift; path = LoginViewController.swift; sourceTree = "<group>"; };
		EADED02F2C7D6F7B00871A08 /* SignUpViewController.swift */ = {isa = PBXFileReference; lastKnownFileType = sourcecode.swift; path = SignUpViewController.swift; sourceTree = "<group>"; };
/* End PBXFileReference section */

/* Begin PBXFrameworksBuildPhase section */
		8E6A9A5A2C7D4E6A00649106 /* Frameworks */ = {
			isa = PBXFrameworksBuildPhase;
			buildActionMask = 2147483647;
			files = (
			);
			runOnlyForDeploymentPostprocessing = 0;
		};
		8E6A9A702C7D4E6B00649106 /* Frameworks */ = {
			isa = PBXFrameworksBuildPhase;
			buildActionMask = 2147483647;
			files = (
			);
			runOnlyForDeploymentPostprocessing = 0;
		};
		8E6A9A7A2C7D4E6B00649106 /* Frameworks */ = {
			isa = PBXFrameworksBuildPhase;
			buildActionMask = 2147483647;
			files = (
			);
			runOnlyForDeploymentPostprocessing = 0;
		};
/* End PBXFrameworksBuildPhase section */

/* Begin PBXGroup section */
		8E6A9A542C7D4E6A00649106 = {
			isa = PBXGroup;
			children = (
				8E6A9A5F2C7D4E6A00649106 /* PlantDiary */,
				8E6A9A762C7D4E6B00649106 /* PlantDiaryTests */,
				8E6A9A802C7D4E6B00649106 /* PlantDiaryUITests */,
				8E6A9A5E2C7D4E6A00649106 /* Products */,
			);
			sourceTree = "<group>";
		};
		8E6A9A5E2C7D4E6A00649106 /* Products */ = {
			isa = PBXGroup;
			children = (
				8E6A9A5D2C7D4E6A00649106 /* PlantDiary.app */,
				8E6A9A732C7D4E6B00649106 /* PlantDiaryTests.xctest */,
				8E6A9A7D2C7D4E6B00649106 /* PlantDiaryUITests.xctest */,
			);
			name = Products;
			sourceTree = "<group>";
		};
		8E6A9A5F2C7D4E6A00649106 /* PlantDiary */ = {
			isa = PBXGroup;
			children = (
				8E6A9A602C7D4E6A00649106 /* AppDelegate.swift */,
				8E6A9A622C7D4E6A00649106 /* SceneDelegate.swift */,
				8E6A9A982C7D5AD000649106 /* ViewControllers */,
				8E6A9A692C7D4E6B00649106 /* Assets.xcassets */,
				8E6A9A6B2C7D4E6B00649106 /* LaunchScreen.storyboard */,
				8E6A9A6E2C7D4E6B00649106 /* Info.plist */,
			);
			path = PlantDiary;
			sourceTree = "<group>";
		};
		8E6A9A762C7D4E6B00649106 /* PlantDiaryTests */ = {
			isa = PBXGroup;
			children = (
				8E6A9A772C7D4E6B00649106 /* PlantDiaryTests.swift */,
			);
			path = PlantDiaryTests;
			sourceTree = "<group>";
		};
		8E6A9A802C7D4E6B00649106 /* PlantDiaryUITests */ = {
			isa = PBXGroup;
			children = (
				8E6A9A812C7D4E6B00649106 /* PlantDiaryUITests.swift */,
				8E6A9A832C7D4E6B00649106 /* PlantDiaryUITestsLaunchTests.swift */,
			);
			path = PlantDiaryUITests;
			sourceTree = "<group>";
		};
		8E6A9A982C7D5AD000649106 /* ViewControllers */ = {
			isa = PBXGroup;
			children = (
				8E6A9A902C7D587300649106 /* HomeViewController.swift */,
				8E6A9A922C7D588100649106 /* DiaryViewController.swift */,
				8E6A9A942C7D588900649106 /* PlantsCareViewController.swift */,
				6EC020242C7D7EE40045408A /* PlantDiaryViewController.swift */,
				B88466E52C7D5D13004ECA58 /* EdittingDiaryViewController.swift */,
				B88466E72C7D5D39004ECA58 /* SentimentAnalysisViewController.swift */,
				8E6A9A962C7D588F00649106 /* SettingViewController.swift */,
				EADED02D2C7D684300871A08 /* LoginViewController.swift */,
				EADED02F2C7D6F7B00871A08 /* SignUpViewController.swift */,
				EADED02A2C7D629A00871A08 /* Common */,
			);
			path = ViewControllers;
			sourceTree = "<group>";
		};
		EADED02A2C7D629A00871A08 /* Common */ = {
			isa = PBXGroup;
			children = (
				EADED02B2C7D62BC00871A08 /* BaseViewController.swift */,
			);
			path = Common;
			sourceTree = "<group>";
		};
/* End PBXGroup section */

/* Begin PBXNativeTarget section */
		8E6A9A5C2C7D4E6A00649106 /* PlantDiary */ = {
			isa = PBXNativeTarget;
			buildConfigurationList = 8E6A9A872C7D4E6B00649106 /* Build configuration list for PBXNativeTarget "PlantDiary" */;
			buildPhases = (
				8E6A9A592C7D4E6A00649106 /* Sources */,
				8E6A9A5A2C7D4E6A00649106 /* Frameworks */,
				8E6A9A5B2C7D4E6A00649106 /* Resources */,
			);
			buildRules = (
			);
			dependencies = (
			);
			name = PlantDiary;
			productName = PlantDiary;
			productReference = 8E6A9A5D2C7D4E6A00649106 /* PlantDiary.app */;
			productType = "com.apple.product-type.application";
		};
		8E6A9A722C7D4E6B00649106 /* PlantDiaryTests */ = {
			isa = PBXNativeTarget;
			buildConfigurationList = 8E6A9A8A2C7D4E6B00649106 /* Build configuration list for PBXNativeTarget "PlantDiaryTests" */;
			buildPhases = (
				8E6A9A6F2C7D4E6B00649106 /* Sources */,
				8E6A9A702C7D4E6B00649106 /* Frameworks */,
				8E6A9A712C7D4E6B00649106 /* Resources */,
			);
			buildRules = (
			);
			dependencies = (
				8E6A9A752C7D4E6B00649106 /* PBXTargetDependency */,
			);
			name = PlantDiaryTests;
			productName = PlantDiaryTests;
			productReference = 8E6A9A732C7D4E6B00649106 /* PlantDiaryTests.xctest */;
			productType = "com.apple.product-type.bundle.unit-test";
		};
		8E6A9A7C2C7D4E6B00649106 /* PlantDiaryUITests */ = {
			isa = PBXNativeTarget;
			buildConfigurationList = 8E6A9A8D2C7D4E6B00649106 /* Build configuration list for PBXNativeTarget "PlantDiaryUITests" */;
			buildPhases = (
				8E6A9A792C7D4E6B00649106 /* Sources */,
				8E6A9A7A2C7D4E6B00649106 /* Frameworks */,
				8E6A9A7B2C7D4E6B00649106 /* Resources */,
			);
			buildRules = (
			);
			dependencies = (
				8E6A9A7F2C7D4E6B00649106 /* PBXTargetDependency */,
			);
			name = PlantDiaryUITests;
			productName = PlantDiaryUITests;
			productReference = 8E6A9A7D2C7D4E6B00649106 /* PlantDiaryUITests.xctest */;
			productType = "com.apple.product-type.bundle.ui-testing";
		};
/* End PBXNativeTarget section */

/* Begin PBXProject section */
		8E6A9A552C7D4E6A00649106 /* Project object */ = {
			isa = PBXProject;
			attributes = {
				BuildIndependentTargetsInParallel = 1;
				LastSwiftUpdateCheck = 1540;
				LastUpgradeCheck = 1540;
				TargetAttributes = {
					8E6A9A5C2C7D4E6A00649106 = {
						CreatedOnToolsVersion = 15.4;
					};
					8E6A9A722C7D4E6B00649106 = {
						CreatedOnToolsVersion = 15.4;
						TestTargetID = 8E6A9A5C2C7D4E6A00649106;
					};
					8E6A9A7C2C7D4E6B00649106 = {
						CreatedOnToolsVersion = 15.4;
						TestTargetID = 8E6A9A5C2C7D4E6A00649106;
					};
				};
			};
			buildConfigurationList = 8E6A9A582C7D4E6A00649106 /* Build configuration list for PBXProject "PlantDiary" */;
			compatibilityVersion = "Xcode 14.0";
			developmentRegion = en;
			hasScannedForEncodings = 0;
			knownRegions = (
				en,
				Base,
			);
			mainGroup = 8E6A9A542C7D4E6A00649106;
			productRefGroup = 8E6A9A5E2C7D4E6A00649106 /* Products */;
			projectDirPath = "";
			projectRoot = "";
			targets = (
				8E6A9A5C2C7D4E6A00649106 /* PlantDiary */,
				8E6A9A722C7D4E6B00649106 /* PlantDiaryTests */,
				8E6A9A7C2C7D4E6B00649106 /* PlantDiaryUITests */,
			);
		};
/* End PBXProject section */

/* Begin PBXResourcesBuildPhase section */
		8E6A9A5B2C7D4E6A00649106 /* Resources */ = {
			isa = PBXResourcesBuildPhase;
			buildActionMask = 2147483647;
			files = (
				8E6A9A6A2C7D4E6B00649106 /* Assets.xcassets in Resources */,
				8E6A9A6D2C7D4E6B00649106 /* Base in Resources */,
			);
			runOnlyForDeploymentPostprocessing = 0;
		};
		8E6A9A712C7D4E6B00649106 /* Resources */ = {
			isa = PBXResourcesBuildPhase;
			buildActionMask = 2147483647;
			files = (
			);
			runOnlyForDeploymentPostprocessing = 0;
		};
		8E6A9A7B2C7D4E6B00649106 /* Resources */ = {
			isa = PBXResourcesBuildPhase;
			buildActionMask = 2147483647;
			files = (
			);
			runOnlyForDeploymentPostprocessing = 0;
		};
/* End PBXResourcesBuildPhase section */

/* Begin PBXSourcesBuildPhase section */
		8E6A9A592C7D4E6A00649106 /* Sources */ = {
			isa = PBXSourcesBuildPhase;
			buildActionMask = 2147483647;
			files = (
				8E6A9A932C7D588100649106 /* DiaryViewController.swift in Sources */,
				8E6A9A612C7D4E6A00649106 /* AppDelegate.swift in Sources */,
				B88466E82C7D5D39004ECA58 /* SentimentAnalysisViewController.swift in Sources */,
				B88466E62C7D5D13004ECA58 /* EdittingDiaryViewController.swift in Sources */,
				8E6A9A632C7D4E6A00649106 /* SceneDelegate.swift in Sources */,
				6EC020252C7D7EE40045408A /* PlantDiaryViewController.swift in Sources */,
				8E6A9A912C7D587300649106 /* HomeViewController.swift in Sources */,
				EADED02E2C7D684300871A08 /* LoginViewController.swift in Sources */,
				EADED02C2C7D62BC00871A08 /* BaseViewController.swift in Sources */,
				EADED0302C7D6F7B00871A08 /* SignUpViewController.swift in Sources */,
				8E6A9A972C7D588F00649106 /* SettingViewController.swift in Sources */,
				8E6A9A952C7D588900649106 /* PlantsCareViewController.swift in Sources */,
			);
			runOnlyForDeploymentPostprocessing = 0;
		};
		8E6A9A6F2C7D4E6B00649106 /* Sources */ = {
			isa = PBXSourcesBuildPhase;
			buildActionMask = 2147483647;
			files = (
				8E6A9A782C7D4E6B00649106 /* PlantDiaryTests.swift in Sources */,
			);
			runOnlyForDeploymentPostprocessing = 0;
		};
		8E6A9A792C7D4E6B00649106 /* Sources */ = {
			isa = PBXSourcesBuildPhase;
			buildActionMask = 2147483647;
			files = (
				8E6A9A842C7D4E6B00649106 /* PlantDiaryUITestsLaunchTests.swift in Sources */,
				8E6A9A822C7D4E6B00649106 /* PlantDiaryUITests.swift in Sources */,
			);
			runOnlyForDeploymentPostprocessing = 0;
		};
/* End PBXSourcesBuildPhase section */

/* Begin PBXTargetDependency section */
		8E6A9A752C7D4E6B00649106 /* PBXTargetDependency */ = {
			isa = PBXTargetDependency;
			target = 8E6A9A5C2C7D4E6A00649106 /* PlantDiary */;
			targetProxy = 8E6A9A742C7D4E6B00649106 /* PBXContainerItemProxy */;
		};
		8E6A9A7F2C7D4E6B00649106 /* PBXTargetDependency */ = {
			isa = PBXTargetDependency;
			target = 8E6A9A5C2C7D4E6A00649106 /* PlantDiary */;
			targetProxy = 8E6A9A7E2C7D4E6B00649106 /* PBXContainerItemProxy */;
		};
/* End PBXTargetDependency section */

/* Begin PBXVariantGroup section */
		8E6A9A6B2C7D4E6B00649106 /* LaunchScreen.storyboard */ = {
			isa = PBXVariantGroup;
			children = (
				8E6A9A6C2C7D4E6B00649106 /* Base */,
			);
			name = LaunchScreen.storyboard;
			sourceTree = "<group>";
		};
/* End PBXVariantGroup section */

/* Begin XCBuildConfiguration section */
		8E6A9A852C7D4E6B00649106 /* Debug */ = {
			isa = XCBuildConfiguration;
			buildSettings = {
				ALWAYS_SEARCH_USER_PATHS = NO;
				ASSETCATALOG_COMPILER_GENERATE_SWIFT_ASSET_SYMBOL_EXTENSIONS = YES;
				CLANG_ANALYZER_NONNULL = YES;
				CLANG_ANALYZER_NUMBER_OBJECT_CONVERSION = YES_AGGRESSIVE;
				CLANG_CXX_LANGUAGE_STANDARD = "gnu++20";
				CLANG_ENABLE_MODULES = YES;
				CLANG_ENABLE_OBJC_ARC = YES;
				CLANG_ENABLE_OBJC_WEAK = YES;
				CLANG_WARN_BLOCK_CAPTURE_AUTORELEASING = YES;
				CLANG_WARN_BOOL_CONVERSION = YES;
				CLANG_WARN_COMMA = YES;
				CLANG_WARN_CONSTANT_CONVERSION = YES;
				CLANG_WARN_DEPRECATED_OBJC_IMPLEMENTATIONS = YES;
				CLANG_WARN_DIRECT_OBJC_ISA_USAGE = YES_ERROR;
				CLANG_WARN_DOCUMENTATION_COMMENTS = YES;
				CLANG_WARN_EMPTY_BODY = YES;
				CLANG_WARN_ENUM_CONVERSION = YES;
				CLANG_WARN_INFINITE_RECURSION = YES;
				CLANG_WARN_INT_CONVERSION = YES;
				CLANG_WARN_NON_LITERAL_NULL_CONVERSION = YES;
				CLANG_WARN_OBJC_IMPLICIT_RETAIN_SELF = YES;
				CLANG_WARN_OBJC_LITERAL_CONVERSION = YES;
				CLANG_WARN_OBJC_ROOT_CLASS = YES_ERROR;
				CLANG_WARN_QUOTED_INCLUDE_IN_FRAMEWORK_HEADER = YES;
				CLANG_WARN_RANGE_LOOP_ANALYSIS = YES;
				CLANG_WARN_STRICT_PROTOTYPES = YES;
				CLANG_WARN_SUSPICIOUS_MOVE = YES;
				CLANG_WARN_UNGUARDED_AVAILABILITY = YES_AGGRESSIVE;
				CLANG_WARN_UNREACHABLE_CODE = YES;
				CLANG_WARN__DUPLICATE_METHOD_MATCH = YES;
				COPY_PHASE_STRIP = NO;
				DEBUG_INFORMATION_FORMAT = dwarf;
				ENABLE_STRICT_OBJC_MSGSEND = YES;
				ENABLE_TESTABILITY = YES;
				ENABLE_USER_SCRIPT_SANDBOXING = YES;
				GCC_C_LANGUAGE_STANDARD = gnu17;
				GCC_DYNAMIC_NO_PIC = NO;
				GCC_NO_COMMON_BLOCKS = YES;
				GCC_OPTIMIZATION_LEVEL = 0;
				GCC_PREPROCESSOR_DEFINITIONS = (
					"DEBUG=1",
					"$(inherited)",
				);
				GCC_WARN_64_TO_32_BIT_CONVERSION = YES;
				GCC_WARN_ABOUT_RETURN_TYPE = YES_ERROR;
				GCC_WARN_UNDECLARED_SELECTOR = YES;
				GCC_WARN_UNINITIALIZED_AUTOS = YES_AGGRESSIVE;
				GCC_WARN_UNUSED_FUNCTION = YES;
				GCC_WARN_UNUSED_VARIABLE = YES;
				IPHONEOS_DEPLOYMENT_TARGET = 17.5;
				LOCALIZATION_PREFERS_STRING_CATALOGS = YES;
				MTL_ENABLE_DEBUG_INFO = INCLUDE_SOURCE;
				MTL_FAST_MATH = YES;
				ONLY_ACTIVE_ARCH = YES;
				SDKROOT = iphoneos;
				SWIFT_ACTIVE_COMPILATION_CONDITIONS = "DEBUG $(inherited)";
				SWIFT_OPTIMIZATION_LEVEL = "-Onone";
			};
			name = Debug;
		};
		8E6A9A862C7D4E6B00649106 /* Release */ = {
			isa = XCBuildConfiguration;
			buildSettings = {
				ALWAYS_SEARCH_USER_PATHS = NO;
				ASSETCATALOG_COMPILER_GENERATE_SWIFT_ASSET_SYMBOL_EXTENSIONS = YES;
				CLANG_ANALYZER_NONNULL = YES;
				CLANG_ANALYZER_NUMBER_OBJECT_CONVERSION = YES_AGGRESSIVE;
				CLANG_CXX_LANGUAGE_STANDARD = "gnu++20";
				CLANG_ENABLE_MODULES = YES;
				CLANG_ENABLE_OBJC_ARC = YES;
				CLANG_ENABLE_OBJC_WEAK = YES;
				CLANG_WARN_BLOCK_CAPTURE_AUTORELEASING = YES;
				CLANG_WARN_BOOL_CONVERSION = YES;
				CLANG_WARN_COMMA = YES;
				CLANG_WARN_CONSTANT_CONVERSION = YES;
				CLANG_WARN_DEPRECATED_OBJC_IMPLEMENTATIONS = YES;
				CLANG_WARN_DIRECT_OBJC_ISA_USAGE = YES_ERROR;
				CLANG_WARN_DOCUMENTATION_COMMENTS = YES;
				CLANG_WARN_EMPTY_BODY = YES;
				CLANG_WARN_ENUM_CONVERSION = YES;
				CLANG_WARN_INFINITE_RECURSION = YES;
				CLANG_WARN_INT_CONVERSION = YES;
				CLANG_WARN_NON_LITERAL_NULL_CONVERSION = YES;
				CLANG_WARN_OBJC_IMPLICIT_RETAIN_SELF = YES;
				CLANG_WARN_OBJC_LITERAL_CONVERSION = YES;
				CLANG_WARN_OBJC_ROOT_CLASS = YES_ERROR;
				CLANG_WARN_QUOTED_INCLUDE_IN_FRAMEWORK_HEADER = YES;
				CLANG_WARN_RANGE_LOOP_ANALYSIS = YES;
				CLANG_WARN_STRICT_PROTOTYPES = YES;
				CLANG_WARN_SUSPICIOUS_MOVE = YES;
				CLANG_WARN_UNGUARDED_AVAILABILITY = YES_AGGRESSIVE;
				CLANG_WARN_UNREACHABLE_CODE = YES;
				CLANG_WARN__DUPLICATE_METHOD_MATCH = YES;
				COPY_PHASE_STRIP = NO;
				DEBUG_INFORMATION_FORMAT = "dwarf-with-dsym";
				ENABLE_NS_ASSERTIONS = NO;
				ENABLE_STRICT_OBJC_MSGSEND = YES;
				ENABLE_USER_SCRIPT_SANDBOXING = YES;
				GCC_C_LANGUAGE_STANDARD = gnu17;
				GCC_NO_COMMON_BLOCKS = YES;
				GCC_WARN_64_TO_32_BIT_CONVERSION = YES;
				GCC_WARN_ABOUT_RETURN_TYPE = YES_ERROR;
				GCC_WARN_UNDECLARED_SELECTOR = YES;
				GCC_WARN_UNINITIALIZED_AUTOS = YES_AGGRESSIVE;
				GCC_WARN_UNUSED_FUNCTION = YES;
				GCC_WARN_UNUSED_VARIABLE = YES;
				IPHONEOS_DEPLOYMENT_TARGET = 17.5;
				LOCALIZATION_PREFERS_STRING_CATALOGS = YES;
				MTL_ENABLE_DEBUG_INFO = NO;
				MTL_FAST_MATH = YES;
				SDKROOT = iphoneos;
				SWIFT_COMPILATION_MODE = wholemodule;
				VALIDATE_PRODUCT = YES;
			};
			name = Release;
		};
		8E6A9A882C7D4E6B00649106 /* Debug */ = {
			isa = XCBuildConfiguration;
			buildSettings = {
				ASSETCATALOG_COMPILER_APPICON_NAME = AppIcon;
				ASSETCATALOG_COMPILER_GLOBAL_ACCENT_COLOR_NAME = AccentColor;
				CODE_SIGN_STYLE = Automatic;
				CURRENT_PROJECT_VERSION = 1;
				DEVELOPMENT_TEAM = "";
				GENERATE_INFOPLIST_FILE = YES;
				INFOPLIST_FILE = PlantDiary/Info.plist;
				INFOPLIST_KEY_UIApplicationSupportsIndirectInputEvents = YES;
				INFOPLIST_KEY_UILaunchStoryboardName = LaunchScreen;
				INFOPLIST_KEY_UISupportedInterfaceOrientations_iPad = "UIInterfaceOrientationPortrait UIInterfaceOrientationPortraitUpsideDown UIInterfaceOrientationLandscapeLeft UIInterfaceOrientationLandscapeRight";
				INFOPLIST_KEY_UISupportedInterfaceOrientations_iPhone = "UIInterfaceOrientationPortrait UIInterfaceOrientationLandscapeLeft UIInterfaceOrientationLandscapeRight";
				LD_RUNPATH_SEARCH_PATHS = (
					"$(inherited)",
					"@executable_path/Frameworks",
				);
				MARKETING_VERSION = 1.0;
				PRODUCT_BUNDLE_IDENTIFIER = education.techit.PlantDiary;
				PRODUCT_NAME = "$(TARGET_NAME)";
				SWIFT_EMIT_LOC_STRINGS = YES;
				SWIFT_VERSION = 5.0;
				TARGETED_DEVICE_FAMILY = "1,2";
			};
			name = Debug;
		};
		8E6A9A892C7D4E6B00649106 /* Release */ = {
			isa = XCBuildConfiguration;
			buildSettings = {
				ASSETCATALOG_COMPILER_APPICON_NAME = AppIcon;
				ASSETCATALOG_COMPILER_GLOBAL_ACCENT_COLOR_NAME = AccentColor;
				CODE_SIGN_STYLE = Automatic;
				CURRENT_PROJECT_VERSION = 1;
				DEVELOPMENT_TEAM = "";
				GENERATE_INFOPLIST_FILE = YES;
				INFOPLIST_FILE = PlantDiary/Info.plist;
				INFOPLIST_KEY_UIApplicationSupportsIndirectInputEvents = YES;
				INFOPLIST_KEY_UILaunchStoryboardName = LaunchScreen;
				INFOPLIST_KEY_UISupportedInterfaceOrientations_iPad = "UIInterfaceOrientationPortrait UIInterfaceOrientationPortraitUpsideDown UIInterfaceOrientationLandscapeLeft UIInterfaceOrientationLandscapeRight";
				INFOPLIST_KEY_UISupportedInterfaceOrientations_iPhone = "UIInterfaceOrientationPortrait UIInterfaceOrientationLandscapeLeft UIInterfaceOrientationLandscapeRight";
				LD_RUNPATH_SEARCH_PATHS = (
					"$(inherited)",
					"@executable_path/Frameworks",
				);
				MARKETING_VERSION = 1.0;
				PRODUCT_BUNDLE_IDENTIFIER = education.techit.PlantDiary;
				PRODUCT_NAME = "$(TARGET_NAME)";
				SWIFT_EMIT_LOC_STRINGS = YES;
				SWIFT_VERSION = 5.0;
				TARGETED_DEVICE_FAMILY = "1,2";
			};
			name = Release;
		};
		8E6A9A8B2C7D4E6B00649106 /* Debug */ = {
			isa = XCBuildConfiguration;
			buildSettings = {
				ALWAYS_EMBED_SWIFT_STANDARD_LIBRARIES = YES;
				BUNDLE_LOADER = "$(TEST_HOST)";
				CODE_SIGN_STYLE = Automatic;
				CURRENT_PROJECT_VERSION = 1;
				GENERATE_INFOPLIST_FILE = YES;
				IPHONEOS_DEPLOYMENT_TARGET = 17.5;
				MARKETING_VERSION = 1.0;
				PRODUCT_BUNDLE_IDENTIFIER = education.techit.PlantDiaryTests;
				PRODUCT_NAME = "$(TARGET_NAME)";
				SWIFT_EMIT_LOC_STRINGS = NO;
				SWIFT_VERSION = 5.0;
				TARGETED_DEVICE_FAMILY = "1,2";
				TEST_HOST = "$(BUILT_PRODUCTS_DIR)/PlantDiary.app/$(BUNDLE_EXECUTABLE_FOLDER_PATH)/PlantDiary";
			};
			name = Debug;
		};
		8E6A9A8C2C7D4E6B00649106 /* Release */ = {
			isa = XCBuildConfiguration;
			buildSettings = {
				ALWAYS_EMBED_SWIFT_STANDARD_LIBRARIES = YES;
				BUNDLE_LOADER = "$(TEST_HOST)";
				CODE_SIGN_STYLE = Automatic;
				CURRENT_PROJECT_VERSION = 1;
				GENERATE_INFOPLIST_FILE = YES;
				IPHONEOS_DEPLOYMENT_TARGET = 17.5;
				MARKETING_VERSION = 1.0;
				PRODUCT_BUNDLE_IDENTIFIER = education.techit.PlantDiaryTests;
				PRODUCT_NAME = "$(TARGET_NAME)";
				SWIFT_EMIT_LOC_STRINGS = NO;
				SWIFT_VERSION = 5.0;
				TARGETED_DEVICE_FAMILY = "1,2";
				TEST_HOST = "$(BUILT_PRODUCTS_DIR)/PlantDiary.app/$(BUNDLE_EXECUTABLE_FOLDER_PATH)/PlantDiary";
			};
			name = Release;
		};
		8E6A9A8E2C7D4E6B00649106 /* Debug */ = {
			isa = XCBuildConfiguration;
			buildSettings = {
				ALWAYS_EMBED_SWIFT_STANDARD_LIBRARIES = YES;
				CODE_SIGN_STYLE = Automatic;
				CURRENT_PROJECT_VERSION = 1;
				GENERATE_INFOPLIST_FILE = YES;
				MARKETING_VERSION = 1.0;
				PRODUCT_BUNDLE_IDENTIFIER = education.techit.PlantDiaryUITests;
				PRODUCT_NAME = "$(TARGET_NAME)";
				SWIFT_EMIT_LOC_STRINGS = NO;
				SWIFT_VERSION = 5.0;
				TARGETED_DEVICE_FAMILY = "1,2";
				TEST_TARGET_NAME = PlantDiary;
			};
			name = Debug;
		};
		8E6A9A8F2C7D4E6B00649106 /* Release */ = {
			isa = XCBuildConfiguration;
			buildSettings = {
				ALWAYS_EMBED_SWIFT_STANDARD_LIBRARIES = YES;
				CODE_SIGN_STYLE = Automatic;
				CURRENT_PROJECT_VERSION = 1;
				GENERATE_INFOPLIST_FILE = YES;
				MARKETING_VERSION = 1.0;
				PRODUCT_BUNDLE_IDENTIFIER = education.techit.PlantDiaryUITests;
				PRODUCT_NAME = "$(TARGET_NAME)";
				SWIFT_EMIT_LOC_STRINGS = NO;
				SWIFT_VERSION = 5.0;
				TARGETED_DEVICE_FAMILY = "1,2";
				TEST_TARGET_NAME = PlantDiary;
			};
			name = Release;
		};
/* End XCBuildConfiguration section */

/* Begin XCConfigurationList section */
		8E6A9A582C7D4E6A00649106 /* Build configuration list for PBXProject "PlantDiary" */ = {
			isa = XCConfigurationList;
			buildConfigurations = (
				8E6A9A852C7D4E6B00649106 /* Debug */,
				8E6A9A862C7D4E6B00649106 /* Release */,
			);
			defaultConfigurationIsVisible = 0;
			defaultConfigurationName = Release;
		};
		8E6A9A872C7D4E6B00649106 /* Build configuration list for PBXNativeTarget "PlantDiary" */ = {
			isa = XCConfigurationList;
			buildConfigurations = (
				8E6A9A882C7D4E6B00649106 /* Debug */,
				8E6A9A892C7D4E6B00649106 /* Release */,
			);
			defaultConfigurationIsVisible = 0;
			defaultConfigurationName = Release;
		};
		8E6A9A8A2C7D4E6B00649106 /* Build configuration list for PBXNativeTarget "PlantDiaryTests" */ = {
			isa = XCConfigurationList;
			buildConfigurations = (
				8E6A9A8B2C7D4E6B00649106 /* Debug */,
				8E6A9A8C2C7D4E6B00649106 /* Release */,
			);
			defaultConfigurationIsVisible = 0;
			defaultConfigurationName = Release;
		};
		8E6A9A8D2C7D4E6B00649106 /* Build configuration list for PBXNativeTarget "PlantDiaryUITests" */ = {
			isa = XCConfigurationList;
			buildConfigurations = (
				8E6A9A8E2C7D4E6B00649106 /* Debug */,
				8E6A9A8F2C7D4E6B00649106 /* Release */,
			);
			defaultConfigurationIsVisible = 0;
			defaultConfigurationName = Release;
		};
/* End XCConfigurationList section */
	};
	rootObject = 8E6A9A552C7D4E6A00649106 /* Project object */;
}
